// !$*UTF8*$!
{
	archiveVersion = 1;
	classes = {
	};
	objectVersion = 46;
	objects = {

/* Begin PBXBuildFile section */
		9E1380AA175D2E10001C97C1 /* AssetsLibrary.framework in Frameworks */ = {isa = PBXBuildFile; fileRef = 9E1380A9175D2E0F001C97C1 /* AssetsLibrary.framework */; };
		9E2C2ED11757F21A0055F1D5 /* SushiCollectionViewCell.m in Sources */ = {isa = PBXBuildFile; fileRef = 9E2C2ED01757F21A0055F1D5 /* SushiCollectionViewCell.m */; };
		9E2C2ED31758508E0055F1D5 /* japWood.png in Resources */ = {isa = PBXBuildFile; fileRef = 9E2C2ED21758508E0055F1D5 /* japWood.png */; };
		9E3A8172175EAA9A00FF8F0D /* CoreMedia.framework in Frameworks */ = {isa = PBXBuildFile; fileRef = 9E3A8171175EAA9A00FF8F0D /* CoreMedia.framework */; };
		9E3A81EB175ECD3F00FF8F0D /* ImageIO.framework in Frameworks */ = {isa = PBXBuildFile; fileRef = 9E3A81EA175ECD3F00FF8F0D /* ImageIO.framework */; };
		9E4BBC8E175C66B500D3EF25 /* caliRollBG2.png in Resources */ = {isa = PBXBuildFile; fileRef = 9E4BBC8D175C66B500D3EF25 /* caliRollBG2.png */; };
		9E50B0C1175A82E5004AFE23 /* Social.framework in Frameworks */ = {isa = PBXBuildFile; fileRef = 9E50B0C0175A82E5004AFE23 /* Social.framework */; };
		9E593171175901360026246A /* MSTranslateAccessTokenRequester.m in Sources */ = {isa = PBXBuildFile; fileRef = 9E593167175901360026246A /* MSTranslateAccessTokenRequester.m */; };
		9E593172175901360026246A /* MSTranslateVendor.m in Sources */ = {isa = PBXBuildFile; fileRef = 9E593169175901360026246A /* MSTranslateVendor.m */; };
		9E593173175901360026246A /* NSMutableURLRequest+WebServiceExtend.m in Sources */ = {isa = PBXBuildFile; fileRef = 9E59316B175901360026246A /* NSMutableURLRequest+WebServiceExtend.m */; };
		9E593174175901360026246A /* NSString+Extend.m in Sources */ = {isa = PBXBuildFile; fileRef = 9E59316E175901360026246A /* NSString+Extend.m */; };
		9E593175175901360026246A /* NSXMLParser+Taged.m in Sources */ = {isa = PBXBuildFile; fileRef = 9E593170175901360026246A /* NSXMLParser+Taged.m */; };
		9E59317817590CC90026246A /* AddSushiViewController.m in Sources */ = {isa = PBXBuildFile; fileRef = 9E59317717590CC90026246A /* AddSushiViewController.m */; };
		9E59317B1759107B0026246A /* AddSushiCustomCell.m in Sources */ = {isa = PBXBuildFile; fileRef = 9E59317A1759107B0026246A /* AddSushiCustomCell.m */; };
		9E59317E1759757F0026246A /* phillyRoll.jpg in Resources */ = {isa = PBXBuildFile; fileRef = 9E59317D1759757F0026246A /* phillyRoll.jpg */; };
		9E593180175975C20026246A /* spiderRoll.jpg in Resources */ = {isa = PBXBuildFile; fileRef = 9E59317F175975C20026246A /* spiderRoll.jpg */; };
		9E764E59175667AC00FEB118 /* UIKit.framework in Frameworks */ = {isa = PBXBuildFile; fileRef = 9E764E58175667AC00FEB118 /* UIKit.framework */; };
		9E764E5B175667AC00FEB118 /* Foundation.framework in Frameworks */ = {isa = PBXBuildFile; fileRef = 9E764E5A175667AC00FEB118 /* Foundation.framework */; };
		9E764E5D175667AC00FEB118 /* CoreGraphics.framework in Frameworks */ = {isa = PBXBuildFile; fileRef = 9E764E5C175667AC00FEB118 /* CoreGraphics.framework */; };
		9E764E63175667AC00FEB118 /* InfoPlist.strings in Resources */ = {isa = PBXBuildFile; fileRef = 9E764E61175667AC00FEB118 /* InfoPlist.strings */; };
		9E764E65175667AC00FEB118 /* main.m in Sources */ = {isa = PBXBuildFile; fileRef = 9E764E64175667AC00FEB118 /* main.m */; };
		9E764E69175667AC00FEB118 /* AppDelegate.m in Sources */ = {isa = PBXBuildFile; fileRef = 9E764E68175667AC00FEB118 /* AppDelegate.m */; };
		9E764E6B175667AC00FEB118 /* Default.png in Resources */ = {isa = PBXBuildFile; fileRef = 9E764E6A175667AC00FEB118 /* Default.png */; };
		9E764E6D175667AC00FEB118 /* Default@2x.png in Resources */ = {isa = PBXBuildFile; fileRef = 9E764E6C175667AC00FEB118 /* Default@2x.png */; };
		9E764E6F175667AC00FEB118 /* Default-568h@2x.png in Resources */ = {isa = PBXBuildFile; fileRef = 9E764E6E175667AC00FEB118 /* Default-568h@2x.png */; };
		9E764E72175667AC00FEB118 /* MainStoryboard.storyboard in Resources */ = {isa = PBXBuildFile; fileRef = 9E764E70175667AC00FEB118 /* MainStoryboard.storyboard */; };
		9E764E7D17566C5A00FEB118 /* MapViewController.m in Sources */ = {isa = PBXBuildFile; fileRef = 9E764E7C17566C5A00FEB118 /* MapViewController.m */; };
		9E764E8017566C6400FEB118 /* NearViewController.m in Sources */ = {isa = PBXBuildFile; fileRef = 9E764E7F17566C6400FEB118 /* NearViewController.m */; };
		9E764E8317566C6D00FEB118 /* WikiViewController.m in Sources */ = {isa = PBXBuildFile; fileRef = 9E764E8217566C6D00FEB118 /* WikiViewController.m */; };
		9E764E8617568F1F00FEB118 /* SushiTypeTableCell.m in Sources */ = {isa = PBXBuildFile; fileRef = 9E764E8517568F1F00FEB118 /* SushiTypeTableCell.m */; };
		9E764E891756932200FEB118 /* WikiDetailViewController.m in Sources */ = {isa = PBXBuildFile; fileRef = 9E764E881756932200FEB118 /* WikiDetailViewController.m */; };
		9E764E8C1756983300FEB118 /* SushiType.m in Sources */ = {isa = PBXBuildFile; fileRef = 9E764E8B1756983300FEB118 /* SushiType.m */; };
		9E764E8E17569B8C00FEB118 /* dynamiteRoll.png in Resources */ = {isa = PBXBuildFile; fileRef = 9E764E8D17569B8C00FEB118 /* dynamiteRoll.png */; };
		9EA345DF175B0E3100728752 /* CoreText.framework in Frameworks */ = {isa = PBXBuildFile; fileRef = 9EA345DE175B0E3100728752 /* CoreText.framework */; };
		9EA3460B175B0EC500728752 /* FUIAlertView.m in Sources */ = {isa = PBXBuildFile; fileRef = 9EA345E3175B0EC500728752 /* FUIAlertView.m */; };
		9EA3460C175B0EC500728752 /* FUIButton.m in Sources */ = {isa = PBXBuildFile; fileRef = 9EA345E5175B0EC500728752 /* FUIButton.m */; };
		9EA3460D175B0EC500728752 /* FUICellBackgroundView.m in Sources */ = {isa = PBXBuildFile; fileRef = 9EA345E7175B0EC500728752 /* FUICellBackgroundView.m */; };
		9EA3460E175B0EC500728752 /* FUISegmentedControl.m in Sources */ = {isa = PBXBuildFile; fileRef = 9EA345E9175B0EC500728752 /* FUISegmentedControl.m */; };
		9EA3460F175B0EC500728752 /* FUISwitch.m in Sources */ = {isa = PBXBuildFile; fileRef = 9EA345EB175B0EC500728752 /* FUISwitch.m */; };
		9EA34610175B0EC500728752 /* UIBarButtonItem+FlatUI.m in Sources */ = {isa = PBXBuildFile; fileRef = 9EA345ED175B0EC500728752 /* UIBarButtonItem+FlatUI.m */; };
		9EA34611175B0EC500728752 /* UIColor+FlatUI.m in Sources */ = {isa = PBXBuildFile; fileRef = 9EA345EF175B0EC500728752 /* UIColor+FlatUI.m */; };
		9EA34612175B0EC500728752 /* UIFont+FlatUI.m in Sources */ = {isa = PBXBuildFile; fileRef = 9EA345F1175B0EC500728752 /* UIFont+FlatUI.m */; };
		9EA34613175B0EC500728752 /* UIImage+FlatUI.m in Sources */ = {isa = PBXBuildFile; fileRef = 9EA345F3175B0EC500728752 /* UIImage+FlatUI.m */; };
		9EA34614175B0EC500728752 /* UINavigationBar+FlatUI.m in Sources */ = {isa = PBXBuildFile; fileRef = 9EA345F5175B0EC500728752 /* UINavigationBar+FlatUI.m */; };
		9EA34615175B0EC500728752 /* UIProgressView+FlatUI.m in Sources */ = {isa = PBXBuildFile; fileRef = 9EA345F7175B0EC500728752 /* UIProgressView+FlatUI.m */; };
		9EA34616175B0EC500728752 /* UISlider+FlatUI.m in Sources */ = {isa = PBXBuildFile; fileRef = 9EA345F9175B0EC500728752 /* UISlider+FlatUI.m */; };
		9EA34617175B0EC500728752 /* UIStepper+FlatUI.m in Sources */ = {isa = PBXBuildFile; fileRef = 9EA345FB175B0EC500728752 /* UIStepper+FlatUI.m */; };
		9EA34618175B0EC500728752 /* UITabBar+FlatUI.m in Sources */ = {isa = PBXBuildFile; fileRef = 9EA345FD175B0EC500728752 /* UITabBar+FlatUI.m */; };
		9EA34619175B0EC500728752 /* UITableViewCell+FlatUI.m in Sources */ = {isa = PBXBuildFile; fileRef = 9EA345FF175B0EC500728752 /* UITableViewCell+FlatUI.m */; };
		9EA3461A175B0EC500728752 /* Lato-Black.ttf in Resources */ = {isa = PBXBuildFile; fileRef = 9EA34601175B0EC500728752 /* Lato-Black.ttf */; };
		9EA3461B175B0EC500728752 /* Lato-BlackItalic.ttf in Resources */ = {isa = PBXBuildFile; fileRef = 9EA34602175B0EC500728752 /* Lato-BlackItalic.ttf */; };
		9EA3461C175B0EC500728752 /* Lato-Bold.ttf in Resources */ = {isa = PBXBuildFile; fileRef = 9EA34603175B0EC500728752 /* Lato-Bold.ttf */; };
		9EA3461D175B0EC500728752 /* Lato-BoldItalic.ttf in Resources */ = {isa = PBXBuildFile; fileRef = 9EA34604175B0EC500728752 /* Lato-BoldItalic.ttf */; };
		9EA3461E175B0EC500728752 /* Lato-Hairline.ttf in Resources */ = {isa = PBXBuildFile; fileRef = 9EA34605175B0EC500728752 /* Lato-Hairline.ttf */; };
		9EA3461F175B0EC500728752 /* Lato-HairlineItalic.ttf in Resources */ = {isa = PBXBuildFile; fileRef = 9EA34606175B0EC500728752 /* Lato-HairlineItalic.ttf */; };
		9EA34620175B0EC500728752 /* Lato-Italic.ttf in Resources */ = {isa = PBXBuildFile; fileRef = 9EA34607175B0EC500728752 /* Lato-Italic.ttf */; };
		9EA34621175B0EC500728752 /* Lato-Light.ttf in Resources */ = {isa = PBXBuildFile; fileRef = 9EA34608175B0EC500728752 /* Lato-Light.ttf */; };
		9EA34622175B0EC500728752 /* Lato-LightItalic.ttf in Resources */ = {isa = PBXBuildFile; fileRef = 9EA34609175B0EC500728752 /* Lato-LightItalic.ttf */; };
		9EA34623175B0EC500728752 /* Lato-Regular.ttf in Resources */ = {isa = PBXBuildFile; fileRef = 9EA3460A175B0EC500728752 /* Lato-Regular.ttf */; };
		9EB766C2175BD01700B8D479 /* caliRollBG.png in Resources */ = {isa = PBXBuildFile; fileRef = 9EB766C1175BD01700B8D479 /* caliRollBG.png */; };
		9EB766C4175BDB5D00B8D479 /* japanesePlacemat.jpg in Resources */ = {isa = PBXBuildFile; fileRef = 9EB766C3175BDB5D00B8D479 /* japanesePlacemat.jpg */; };
		C72E9BA41756A443007BFFF3 /* MapKit.framework in Frameworks */ = {isa = PBXBuildFile; fileRef = C72E9BA31756A443007BFFF3 /* MapKit.framework */; };
		C72E9BA61756A44D007BFFF3 /* CoreLocation.framework in Frameworks */ = {isa = PBXBuildFile; fileRef = C72E9BA51756A44D007BFFF3 /* CoreLocation.framework */; };
		C72E9BDB17571486007BFFF3 /* chopstickBowl.jpg in Resources */ = {isa = PBXBuildFile; fileRef = C72E9BDA17571486007BFFF3 /* chopstickBowl.jpg */; };
		C760B272175C0D130051BEC6 /* LocalVenueObject.m in Sources */ = {isa = PBXBuildFile; fileRef = C760B271175C0D130051BEC6 /* LocalVenueObject.m */; };
		C7C69AC6175ACBE60001DEC2 /* NearVenue4SqWebVCViewController.m in Sources */ = {isa = PBXBuildFile; fileRef = C7C69AC5175ACBE60001DEC2 /* NearVenue4SqWebVCViewController.m */; };
		DD657FE41756899800A64ED6 /* 1946474-baddie_brawl_michael_myers_vs_jason_voorhees_20071002034833563_000.jpg in Resources */ = {isa = PBXBuildFile; fileRef = DD657FE31756899800A64ED6 /* 1946474-baddie_brawl_michael_myers_vs_jason_voorhees_20071002034833563_000.jpg */; };
		DD657FE717569CBA00A64ED6 /* VenueObject.m in Sources */ = {isa = PBXBuildFile; fileRef = DD657FE617569CBA00A64ED6 /* VenueObject.m */; };
		DD657FE91756ADFF00A64ED6 /* CoreLocation.framework in Frameworks */ = {isa = PBXBuildFile; fileRef = DD657FE81756ADFE00A64ED6 /* CoreLocation.framework */; };
		DD657FEB1756AE6400A64ED6 /* MapKit.framework in Frameworks */ = {isa = PBXBuildFile; fileRef = DD657FEA1756AE6400A64ED6 /* MapKit.framework */; };
		DD8F3819175945AB00D0EED0 /* SushiFourSquareWebVC.m in Sources */ = {isa = PBXBuildFile; fileRef = DD8F3818175945AB00D0EED0 /* SushiFourSquareWebVC.m */; };
		DDEBF72B175AA7E50088172F /* SushiVenueAnnotation.m in Sources */ = {isa = PBXBuildFile; fileRef = DDEBF72A175AA7E50088172F /* SushiVenueAnnotation.m */; };
		DDEBF72D175AAABD0088172F /* mobilemakers.png in Resources */ = {isa = PBXBuildFile; fileRef = DDEBF72C175AAABD0088172F /* mobilemakers.png */; };
/* End PBXBuildFile section */

/* Begin PBXFileReference section */
		9E1380A9175D2E0F001C97C1 /* AssetsLibrary.framework */ = {isa = PBXFileReference; lastKnownFileType = wrapper.framework; name = AssetsLibrary.framework; path = System/Library/Frameworks/AssetsLibrary.framework; sourceTree = SDKROOT; };
		9E2C2ECF1757F21A0055F1D5 /* SushiCollectionViewCell.h */ = {isa = PBXFileReference; fileEncoding = 4; lastKnownFileType = sourcecode.c.h; path = SushiCollectionViewCell.h; sourceTree = "<group>"; };
		9E2C2ED01757F21A0055F1D5 /* SushiCollectionViewCell.m */ = {isa = PBXFileReference; fileEncoding = 4; lastKnownFileType = sourcecode.c.objc; path = SushiCollectionViewCell.m; sourceTree = "<group>"; };
		9E2C2ED21758508E0055F1D5 /* japWood.png */ = {isa = PBXFileReference; lastKnownFileType = image.png; path = japWood.png; sourceTree = "<group>"; };
		9E3A8171175EAA9A00FF8F0D /* CoreMedia.framework */ = {isa = PBXFileReference; lastKnownFileType = wrapper.framework; name = CoreMedia.framework; path = System/Library/Frameworks/CoreMedia.framework; sourceTree = SDKROOT; };
		9E3A81EA175ECD3F00FF8F0D /* ImageIO.framework */ = {isa = PBXFileReference; lastKnownFileType = wrapper.framework; name = ImageIO.framework; path = System/Library/Frameworks/ImageIO.framework; sourceTree = SDKROOT; };
		9E4BBC8D175C66B500D3EF25 /* caliRollBG2.png */ = {isa = PBXFileReference; lastKnownFileType = image.png; path = caliRollBG2.png; sourceTree = "<group>"; };
		9E50B0C0175A82E5004AFE23 /* Social.framework */ = {isa = PBXFileReference; lastKnownFileType = wrapper.framework; name = Social.framework; path = System/Library/Frameworks/Social.framework; sourceTree = SDKROOT; };
		9E593166175901360026246A /* MSTranslateAccessTokenRequester.h */ = {isa = PBXFileReference; fileEncoding = 4; lastKnownFileType = sourcecode.c.h; path = MSTranslateAccessTokenRequester.h; sourceTree = "<group>"; };
		9E593167175901360026246A /* MSTranslateAccessTokenRequester.m */ = {isa = PBXFileReference; fileEncoding = 4; lastKnownFileType = sourcecode.c.objc; path = MSTranslateAccessTokenRequester.m; sourceTree = "<group>"; };
		9E593168175901360026246A /* MSTranslateVendor.h */ = {isa = PBXFileReference; fileEncoding = 4; lastKnownFileType = sourcecode.c.h; path = MSTranslateVendor.h; sourceTree = "<group>"; };
		9E593169175901360026246A /* MSTranslateVendor.m */ = {isa = PBXFileReference; fileEncoding = 4; lastKnownFileType = sourcecode.c.objc; path = MSTranslateVendor.m; sourceTree = "<group>"; };
		9E59316A175901360026246A /* NSMutableURLRequest+WebServiceExtend.h */ = {isa = PBXFileReference; fileEncoding = 4; lastKnownFileType = sourcecode.c.h; path = "NSMutableURLRequest+WebServiceExtend.h"; sourceTree = "<group>"; };
		9E59316B175901360026246A /* NSMutableURLRequest+WebServiceExtend.m */ = {isa = PBXFileReference; fileEncoding = 4; lastKnownFileType = sourcecode.c.objc; path = "NSMutableURLRequest+WebServiceExtend.m"; sourceTree = "<group>"; };
		9E59316C175901360026246A /* NSObject+Subscripts.h */ = {isa = PBXFileReference; fileEncoding = 4; lastKnownFileType = sourcecode.c.h; path = "NSObject+Subscripts.h"; sourceTree = "<group>"; };
		9E59316D175901360026246A /* NSString+Extend.h */ = {isa = PBXFileReference; fileEncoding = 4; lastKnownFileType = sourcecode.c.h; path = "NSString+Extend.h"; sourceTree = "<group>"; };
		9E59316E175901360026246A /* NSString+Extend.m */ = {isa = PBXFileReference; fileEncoding = 4; lastKnownFileType = sourcecode.c.objc; path = "NSString+Extend.m"; sourceTree = "<group>"; };
		9E59316F175901360026246A /* NSXMLParser+Taged.h */ = {isa = PBXFileReference; fileEncoding = 4; lastKnownFileType = sourcecode.c.h; path = "NSXMLParser+Taged.h"; sourceTree = "<group>"; };
		9E593170175901360026246A /* NSXMLParser+Taged.m */ = {isa = PBXFileReference; fileEncoding = 4; lastKnownFileType = sourcecode.c.objc; path = "NSXMLParser+Taged.m"; sourceTree = "<group>"; };
		9E59317617590CC80026246A /* AddSushiViewController.h */ = {isa = PBXFileReference; fileEncoding = 4; lastKnownFileType = sourcecode.c.h; path = AddSushiViewController.h; sourceTree = "<group>"; };
		9E59317717590CC90026246A /* AddSushiViewController.m */ = {isa = PBXFileReference; fileEncoding = 4; lastKnownFileType = sourcecode.c.objc; path = AddSushiViewController.m; sourceTree = "<group>"; };
		9E5931791759107B0026246A /* AddSushiCustomCell.h */ = {isa = PBXFileReference; fileEncoding = 4; lastKnownFileType = sourcecode.c.h; path = AddSushiCustomCell.h; sourceTree = "<group>"; };
		9E59317A1759107B0026246A /* AddSushiCustomCell.m */ = {isa = PBXFileReference; fileEncoding = 4; lastKnownFileType = sourcecode.c.objc; path = AddSushiCustomCell.m; sourceTree = "<group>"; };
		9E59317C175923990026246A /* AddSushiDelegate.h */ = {isa = PBXFileReference; lastKnownFileType = sourcecode.c.h; path = AddSushiDelegate.h; sourceTree = "<group>"; };
		9E59317D1759757F0026246A /* phillyRoll.jpg */ = {isa = PBXFileReference; lastKnownFileType = image.jpeg; path = phillyRoll.jpg; sourceTree = "<group>"; };
		9E59317F175975C20026246A /* spiderRoll.jpg */ = {isa = PBXFileReference; lastKnownFileType = image.jpeg; path = spiderRoll.jpg; sourceTree = "<group>"; };
		9E764E55175667AC00FEB118 /* Sushi2.app */ = {isa = PBXFileReference; explicitFileType = wrapper.application; includeInIndex = 0; path = Sushi2.app; sourceTree = BUILT_PRODUCTS_DIR; };
		9E764E58175667AC00FEB118 /* UIKit.framework */ = {isa = PBXFileReference; lastKnownFileType = wrapper.framework; name = UIKit.framework; path = System/Library/Frameworks/UIKit.framework; sourceTree = SDKROOT; };
		9E764E5A175667AC00FEB118 /* Foundation.framework */ = {isa = PBXFileReference; lastKnownFileType = wrapper.framework; name = Foundation.framework; path = System/Library/Frameworks/Foundation.framework; sourceTree = SDKROOT; };
		9E764E5C175667AC00FEB118 /* CoreGraphics.framework */ = {isa = PBXFileReference; lastKnownFileType = wrapper.framework; name = CoreGraphics.framework; path = System/Library/Frameworks/CoreGraphics.framework; sourceTree = SDKROOT; };
		9E764E60175667AC00FEB118 /* Sushi2-Info.plist */ = {isa = PBXFileReference; lastKnownFileType = text.plist.xml; path = "Sushi2-Info.plist"; sourceTree = "<group>"; };
		9E764E62175667AC00FEB118 /* en */ = {isa = PBXFileReference; lastKnownFileType = text.plist.strings; name = en; path = en.lproj/InfoPlist.strings; sourceTree = "<group>"; };
		9E764E64175667AC00FEB118 /* main.m */ = {isa = PBXFileReference; lastKnownFileType = sourcecode.c.objc; path = main.m; sourceTree = "<group>"; };
		9E764E66175667AC00FEB118 /* Sushi2-Prefix.pch */ = {isa = PBXFileReference; lastKnownFileType = sourcecode.c.h; path = "Sushi2-Prefix.pch"; sourceTree = "<group>"; };
		9E764E67175667AC00FEB118 /* AppDelegate.h */ = {isa = PBXFileReference; lastKnownFileType = sourcecode.c.h; path = AppDelegate.h; sourceTree = "<group>"; };
		9E764E68175667AC00FEB118 /* AppDelegate.m */ = {isa = PBXFileReference; lastKnownFileType = sourcecode.c.objc; path = AppDelegate.m; sourceTree = "<group>"; };
		9E764E6A175667AC00FEB118 /* Default.png */ = {isa = PBXFileReference; lastKnownFileType = image.png; path = Default.png; sourceTree = "<group>"; };
		9E764E6C175667AC00FEB118 /* Default@2x.png */ = {isa = PBXFileReference; lastKnownFileType = image.png; path = "Default@2x.png"; sourceTree = "<group>"; };
		9E764E6E175667AC00FEB118 /* Default-568h@2x.png */ = {isa = PBXFileReference; lastKnownFileType = image.png; path = "Default-568h@2x.png"; sourceTree = "<group>"; };
		9E764E71175667AC00FEB118 /* en */ = {isa = PBXFileReference; lastKnownFileType = file.storyboard; name = en; path = en.lproj/MainStoryboard.storyboard; sourceTree = "<group>"; };
		9E764E7B17566C5A00FEB118 /* MapViewController.h */ = {isa = PBXFileReference; fileEncoding = 4; lastKnownFileType = sourcecode.c.h; path = MapViewController.h; sourceTree = "<group>"; };
		9E764E7C17566C5A00FEB118 /* MapViewController.m */ = {isa = PBXFileReference; fileEncoding = 4; lastKnownFileType = sourcecode.c.objc; path = MapViewController.m; sourceTree = "<group>"; };
		9E764E7E17566C6400FEB118 /* NearViewController.h */ = {isa = PBXFileReference; fileEncoding = 4; lastKnownFileType = sourcecode.c.h; path = NearViewController.h; sourceTree = "<group>"; };
		9E764E7F17566C6400FEB118 /* NearViewController.m */ = {isa = PBXFileReference; fileEncoding = 4; lastKnownFileType = sourcecode.c.objc; path = NearViewController.m; sourceTree = "<group>"; };
		9E764E8117566C6D00FEB118 /* WikiViewController.h */ = {isa = PBXFileReference; fileEncoding = 4; lastKnownFileType = sourcecode.c.h; path = WikiViewController.h; sourceTree = "<group>"; };
		9E764E8217566C6D00FEB118 /* WikiViewController.m */ = {isa = PBXFileReference; fileEncoding = 4; lastKnownFileType = sourcecode.c.objc; path = WikiViewController.m; sourceTree = "<group>"; };
		9E764E8417568F1F00FEB118 /* SushiTypeTableCell.h */ = {isa = PBXFileReference; fileEncoding = 4; lastKnownFileType = sourcecode.c.h; path = SushiTypeTableCell.h; sourceTree = "<group>"; };
		9E764E8517568F1F00FEB118 /* SushiTypeTableCell.m */ = {isa = PBXFileReference; fileEncoding = 4; lastKnownFileType = sourcecode.c.objc; path = SushiTypeTableCell.m; sourceTree = "<group>"; };
		9E764E871756932200FEB118 /* WikiDetailViewController.h */ = {isa = PBXFileReference; fileEncoding = 4; lastKnownFileType = sourcecode.c.h; path = WikiDetailViewController.h; sourceTree = "<group>"; };
		9E764E881756932200FEB118 /* WikiDetailViewController.m */ = {isa = PBXFileReference; fileEncoding = 4; lastKnownFileType = sourcecode.c.objc; path = WikiDetailViewController.m; sourceTree = "<group>"; };
		9E764E8A1756983300FEB118 /* SushiType.h */ = {isa = PBXFileReference; fileEncoding = 4; lastKnownFileType = sourcecode.c.h; path = SushiType.h; sourceTree = "<group>"; };
		9E764E8B1756983300FEB118 /* SushiType.m */ = {isa = PBXFileReference; fileEncoding = 4; lastKnownFileType = sourcecode.c.objc; path = SushiType.m; sourceTree = "<group>"; };
		9E764E8D17569B8C00FEB118 /* dynamiteRoll.png */ = {isa = PBXFileReference; lastKnownFileType = image.png; path = dynamiteRoll.png; sourceTree = "<group>"; };
		9EA345DE175B0E3100728752 /* CoreText.framework */ = {isa = PBXFileReference; lastKnownFileType = wrapper.framework; name = CoreText.framework; path = System/Library/Frameworks/CoreText.framework; sourceTree = SDKROOT; };
		9EA345E2175B0EC500728752 /* FUIAlertView.h */ = {isa = PBXFileReference; fileEncoding = 4; lastKnownFileType = sourcecode.c.h; path = FUIAlertView.h; sourceTree = "<group>"; };
		9EA345E3175B0EC500728752 /* FUIAlertView.m */ = {isa = PBXFileReference; fileEncoding = 4; lastKnownFileType = sourcecode.c.objc; path = FUIAlertView.m; sourceTree = "<group>"; };
		9EA345E4175B0EC500728752 /* FUIButton.h */ = {isa = PBXFileReference; fileEncoding = 4; lastKnownFileType = sourcecode.c.h; path = FUIButton.h; sourceTree = "<group>"; };
		9EA345E5175B0EC500728752 /* FUIButton.m */ = {isa = PBXFileReference; fileEncoding = 4; lastKnownFileType = sourcecode.c.objc; path = FUIButton.m; sourceTree = "<group>"; };
		9EA345E6175B0EC500728752 /* FUICellBackgroundView.h */ = {isa = PBXFileReference; fileEncoding = 4; lastKnownFileType = sourcecode.c.h; path = FUICellBackgroundView.h; sourceTree = "<group>"; };
		9EA345E7175B0EC500728752 /* FUICellBackgroundView.m */ = {isa = PBXFileReference; fileEncoding = 4; lastKnownFileType = sourcecode.c.objc; path = FUICellBackgroundView.m; sourceTree = "<group>"; };
		9EA345E8175B0EC500728752 /* FUISegmentedControl.h */ = {isa = PBXFileReference; fileEncoding = 4; lastKnownFileType = sourcecode.c.h; path = FUISegmentedControl.h; sourceTree = "<group>"; };
		9EA345E9175B0EC500728752 /* FUISegmentedControl.m */ = {isa = PBXFileReference; fileEncoding = 4; lastKnownFileType = sourcecode.c.objc; path = FUISegmentedControl.m; sourceTree = "<group>"; };
		9EA345EA175B0EC500728752 /* FUISwitch.h */ = {isa = PBXFileReference; fileEncoding = 4; lastKnownFileType = sourcecode.c.h; path = FUISwitch.h; sourceTree = "<group>"; };
		9EA345EB175B0EC500728752 /* FUISwitch.m */ = {isa = PBXFileReference; fileEncoding = 4; lastKnownFileType = sourcecode.c.objc; path = FUISwitch.m; sourceTree = "<group>"; };
		9EA345EC175B0EC500728752 /* UIBarButtonItem+FlatUI.h */ = {isa = PBXFileReference; fileEncoding = 4; lastKnownFileType = sourcecode.c.h; path = "UIBarButtonItem+FlatUI.h"; sourceTree = "<group>"; };
		9EA345ED175B0EC500728752 /* UIBarButtonItem+FlatUI.m */ = {isa = PBXFileReference; fileEncoding = 4; lastKnownFileType = sourcecode.c.objc; path = "UIBarButtonItem+FlatUI.m"; sourceTree = "<group>"; };
		9EA345EE175B0EC500728752 /* UIColor+FlatUI.h */ = {isa = PBXFileReference; fileEncoding = 4; lastKnownFileType = sourcecode.c.h; path = "UIColor+FlatUI.h"; sourceTree = "<group>"; };
		9EA345EF175B0EC500728752 /* UIColor+FlatUI.m */ = {isa = PBXFileReference; fileEncoding = 4; lastKnownFileType = sourcecode.c.objc; path = "UIColor+FlatUI.m"; sourceTree = "<group>"; };
		9EA345F0175B0EC500728752 /* UIFont+FlatUI.h */ = {isa = PBXFileReference; fileEncoding = 4; lastKnownFileType = sourcecode.c.h; path = "UIFont+FlatUI.h"; sourceTree = "<group>"; };
		9EA345F1175B0EC500728752 /* UIFont+FlatUI.m */ = {isa = PBXFileReference; fileEncoding = 4; lastKnownFileType = sourcecode.c.objc; path = "UIFont+FlatUI.m"; sourceTree = "<group>"; };
		9EA345F2175B0EC500728752 /* UIImage+FlatUI.h */ = {isa = PBXFileReference; fileEncoding = 4; lastKnownFileType = sourcecode.c.h; path = "UIImage+FlatUI.h"; sourceTree = "<group>"; };
		9EA345F3175B0EC500728752 /* UIImage+FlatUI.m */ = {isa = PBXFileReference; fileEncoding = 4; lastKnownFileType = sourcecode.c.objc; path = "UIImage+FlatUI.m"; sourceTree = "<group>"; };
		9EA345F4175B0EC500728752 /* UINavigationBar+FlatUI.h */ = {isa = PBXFileReference; fileEncoding = 4; lastKnownFileType = sourcecode.c.h; path = "UINavigationBar+FlatUI.h"; sourceTree = "<group>"; };
		9EA345F5175B0EC500728752 /* UINavigationBar+FlatUI.m */ = {isa = PBXFileReference; fileEncoding = 4; lastKnownFileType = sourcecode.c.objc; path = "UINavigationBar+FlatUI.m"; sourceTree = "<group>"; };
		9EA345F6175B0EC500728752 /* UIProgressView+FlatUI.h */ = {isa = PBXFileReference; fileEncoding = 4; lastKnownFileType = sourcecode.c.h; path = "UIProgressView+FlatUI.h"; sourceTree = "<group>"; };
		9EA345F7175B0EC500728752 /* UIProgressView+FlatUI.m */ = {isa = PBXFileReference; fileEncoding = 4; lastKnownFileType = sourcecode.c.objc; path = "UIProgressView+FlatUI.m"; sourceTree = "<group>"; };
		9EA345F8175B0EC500728752 /* UISlider+FlatUI.h */ = {isa = PBXFileReference; fileEncoding = 4; lastKnownFileType = sourcecode.c.h; path = "UISlider+FlatUI.h"; sourceTree = "<group>"; };
		9EA345F9175B0EC500728752 /* UISlider+FlatUI.m */ = {isa = PBXFileReference; fileEncoding = 4; lastKnownFileType = sourcecode.c.objc; path = "UISlider+FlatUI.m"; sourceTree = "<group>"; };
		9EA345FA175B0EC500728752 /* UIStepper+FlatUI.h */ = {isa = PBXFileReference; fileEncoding = 4; lastKnownFileType = sourcecode.c.h; path = "UIStepper+FlatUI.h"; sourceTree = "<group>"; };
		9EA345FB175B0EC500728752 /* UIStepper+FlatUI.m */ = {isa = PBXFileReference; fileEncoding = 4; lastKnownFileType = sourcecode.c.objc; path = "UIStepper+FlatUI.m"; sourceTree = "<group>"; };
		9EA345FC175B0EC500728752 /* UITabBar+FlatUI.h */ = {isa = PBXFileReference; fileEncoding = 4; lastKnownFileType = sourcecode.c.h; path = "UITabBar+FlatUI.h"; sourceTree = "<group>"; };
		9EA345FD175B0EC500728752 /* UITabBar+FlatUI.m */ = {isa = PBXFileReference; fileEncoding = 4; lastKnownFileType = sourcecode.c.objc; path = "UITabBar+FlatUI.m"; sourceTree = "<group>"; };
		9EA345FE175B0EC500728752 /* UITableViewCell+FlatUI.h */ = {isa = PBXFileReference; fileEncoding = 4; lastKnownFileType = sourcecode.c.h; path = "UITableViewCell+FlatUI.h"; sourceTree = "<group>"; };
		9EA345FF175B0EC500728752 /* UITableViewCell+FlatUI.m */ = {isa = PBXFileReference; fileEncoding = 4; lastKnownFileType = sourcecode.c.objc; path = "UITableViewCell+FlatUI.m"; sourceTree = "<group>"; };
		9EA34601175B0EC500728752 /* Lato-Black.ttf */ = {isa = PBXFileReference; lastKnownFileType = file; path = "Lato-Black.ttf"; sourceTree = "<group>"; };
		9EA34602175B0EC500728752 /* Lato-BlackItalic.ttf */ = {isa = PBXFileReference; lastKnownFileType = file; path = "Lato-BlackItalic.ttf"; sourceTree = "<group>"; };
		9EA34603175B0EC500728752 /* Lato-Bold.ttf */ = {isa = PBXFileReference; lastKnownFileType = file; path = "Lato-Bold.ttf"; sourceTree = "<group>"; };
		9EA34604175B0EC500728752 /* Lato-BoldItalic.ttf */ = {isa = PBXFileReference; lastKnownFileType = file; path = "Lato-BoldItalic.ttf"; sourceTree = "<group>"; };
		9EA34605175B0EC500728752 /* Lato-Hairline.ttf */ = {isa = PBXFileReference; lastKnownFileType = file; path = "Lato-Hairline.ttf"; sourceTree = "<group>"; };
		9EA34606175B0EC500728752 /* Lato-HairlineItalic.ttf */ = {isa = PBXFileReference; lastKnownFileType = file; path = "Lato-HairlineItalic.ttf"; sourceTree = "<group>"; };
		9EA34607175B0EC500728752 /* Lato-Italic.ttf */ = {isa = PBXFileReference; lastKnownFileType = file; path = "Lato-Italic.ttf"; sourceTree = "<group>"; };
		9EA34608175B0EC500728752 /* Lato-Light.ttf */ = {isa = PBXFileReference; lastKnownFileType = file; path = "Lato-Light.ttf"; sourceTree = "<group>"; };
		9EA34609175B0EC500728752 /* Lato-LightItalic.ttf */ = {isa = PBXFileReference; lastKnownFileType = file; path = "Lato-LightItalic.ttf"; sourceTree = "<group>"; };
		9EA3460A175B0EC500728752 /* Lato-Regular.ttf */ = {isa = PBXFileReference; lastKnownFileType = file; path = "Lato-Regular.ttf"; sourceTree = "<group>"; };
		9EB766C1175BD01700B8D479 /* caliRollBG.png */ = {isa = PBXFileReference; lastKnownFileType = image.png; path = caliRollBG.png; sourceTree = "<group>"; };
		9EB766C3175BDB5D00B8D479 /* japanesePlacemat.jpg */ = {isa = PBXFileReference; lastKnownFileType = image.jpeg; path = japanesePlacemat.jpg; sourceTree = "<group>"; };
		C72E9BA31756A443007BFFF3 /* MapKit.framework */ = {isa = PBXFileReference; lastKnownFileType = wrapper.framework; name = MapKit.framework; path = System/Library/Frameworks/MapKit.framework; sourceTree = SDKROOT; };
		C72E9BA51756A44D007BFFF3 /* CoreLocation.framework */ = {isa = PBXFileReference; lastKnownFileType = wrapper.framework; name = CoreLocation.framework; path = System/Library/Frameworks/CoreLocation.framework; sourceTree = SDKROOT; };
		C72E9BDA17571486007BFFF3 /* chopstickBowl.jpg */ = {isa = PBXFileReference; lastKnownFileType = image.jpeg; path = chopstickBowl.jpg; sourceTree = "<group>"; };
		C760B270175C0D130051BEC6 /* LocalVenueObject.h */ = {isa = PBXFileReference; fileEncoding = 4; lastKnownFileType = sourcecode.c.h; name = LocalVenueObject.h; path = ../LocalVenueObject.h; sourceTree = "<group>"; };
		C760B271175C0D130051BEC6 /* LocalVenueObject.m */ = {isa = PBXFileReference; fileEncoding = 4; lastKnownFileType = sourcecode.c.objc; name = LocalVenueObject.m; path = ../LocalVenueObject.m; sourceTree = "<group>"; };
		C7C69AC4175ACBE60001DEC2 /* NearVenue4SqWebVCViewController.h */ = {isa = PBXFileReference; fileEncoding = 4; lastKnownFileType = sourcecode.c.h; path = NearVenue4SqWebVCViewController.h; sourceTree = "<group>"; };
		C7C69AC5175ACBE60001DEC2 /* NearVenue4SqWebVCViewController.m */ = {isa = PBXFileReference; fileEncoding = 4; lastKnownFileType = sourcecode.c.objc; path = NearVenue4SqWebVCViewController.m; sourceTree = "<group>"; };
		DD657FE31756899800A64ED6 /* 1946474-baddie_brawl_michael_myers_vs_jason_voorhees_20071002034833563_000.jpg */ = {isa = PBXFileReference; lastKnownFileType = image.jpeg; path = "1946474-baddie_brawl_michael_myers_vs_jason_voorhees_20071002034833563_000.jpg"; sourceTree = "<group>"; };
		DD657FE517569CBA00A64ED6 /* VenueObject.h */ = {isa = PBXFileReference; fileEncoding = 4; lastKnownFileType = sourcecode.c.h; path = VenueObject.h; sourceTree = "<group>"; };
		DD657FE617569CBA00A64ED6 /* VenueObject.m */ = {isa = PBXFileReference; fileEncoding = 4; lastKnownFileType = sourcecode.c.objc; path = VenueObject.m; sourceTree = "<group>"; };
		DD657FE81756ADFE00A64ED6 /* CoreLocation.framework */ = {isa = PBXFileReference; lastKnownFileType = wrapper.framework; name = CoreLocation.framework; path = System/Library/Frameworks/CoreLocation.framework; sourceTree = SDKROOT; };
		DD657FEA1756AE6400A64ED6 /* MapKit.framework */ = {isa = PBXFileReference; lastKnownFileType = wrapper.framework; name = MapKit.framework; path = System/Library/Frameworks/MapKit.framework; sourceTree = SDKROOT; };
		DD8F3817175945AB00D0EED0 /* SushiFourSquareWebVC.h */ = {isa = PBXFileReference; fileEncoding = 4; lastKnownFileType = sourcecode.c.h; path = SushiFourSquareWebVC.h; sourceTree = "<group>"; };
		DD8F3818175945AB00D0EED0 /* SushiFourSquareWebVC.m */ = {isa = PBXFileReference; fileEncoding = 4; lastKnownFileType = sourcecode.c.objc; path = SushiFourSquareWebVC.m; sourceTree = "<group>"; };
		DDEBF729175AA7E50088172F /* SushiVenueAnnotation.h */ = {isa = PBXFileReference; fileEncoding = 4; lastKnownFileType = sourcecode.c.h; path = SushiVenueAnnotation.h; sourceTree = "<group>"; };
		DDEBF72A175AA7E50088172F /* SushiVenueAnnotation.m */ = {isa = PBXFileReference; fileEncoding = 4; lastKnownFileType = sourcecode.c.objc; path = SushiVenueAnnotation.m; sourceTree = "<group>"; };
		DDEBF72C175AAABD0088172F /* mobilemakers.png */ = {isa = PBXFileReference; lastKnownFileType = image.png; path = mobilemakers.png; sourceTree = "<group>"; };
/* End PBXFileReference section */

/* Begin PBXFrameworksBuildPhase section */
		9E764E52175667AC00FEB118 /* Frameworks */ = {
			isa = PBXFrameworksBuildPhase;
			buildActionMask = 2147483647;
			files = (
				9E3A81EB175ECD3F00FF8F0D /* ImageIO.framework in Frameworks */,
				9E3A8172175EAA9A00FF8F0D /* CoreMedia.framework in Frameworks */,
				9E1380AA175D2E10001C97C1 /* AssetsLibrary.framework in Frameworks */,
				9EA345DF175B0E3100728752 /* CoreText.framework in Frameworks */,
				9E50B0C1175A82E5004AFE23 /* Social.framework in Frameworks */,
				DD657FEB1756AE6400A64ED6 /* MapKit.framework in Frameworks */,
				DD657FE91756ADFF00A64ED6 /* CoreLocation.framework in Frameworks */,
				C72E9BA61756A44D007BFFF3 /* CoreLocation.framework in Frameworks */,
				C72E9BA41756A443007BFFF3 /* MapKit.framework in Frameworks */,
				9E764E59175667AC00FEB118 /* UIKit.framework in Frameworks */,
				9E764E5B175667AC00FEB118 /* Foundation.framework in Frameworks */,
				9E764E5D175667AC00FEB118 /* CoreGraphics.framework in Frameworks */,
			);
			runOnlyForDeploymentPostprocessing = 0;
		};
/* End PBXFrameworksBuildPhase section */

/* Begin PBXGroup section */
		9E593165175901360026246A /* MSTranslateVendor */ = {
			isa = PBXGroup;
			children = (
				9E593166175901360026246A /* MSTranslateAccessTokenRequester.h */,
				9E593167175901360026246A /* MSTranslateAccessTokenRequester.m */,
				9E593168175901360026246A /* MSTranslateVendor.h */,
				9E593169175901360026246A /* MSTranslateVendor.m */,
				9E59316A175901360026246A /* NSMutableURLRequest+WebServiceExtend.h */,
				9E59316B175901360026246A /* NSMutableURLRequest+WebServiceExtend.m */,
				9E59316C175901360026246A /* NSObject+Subscripts.h */,
				9E59316D175901360026246A /* NSString+Extend.h */,
				9E59316E175901360026246A /* NSString+Extend.m */,
				9E59316F175901360026246A /* NSXMLParser+Taged.h */,
				9E593170175901360026246A /* NSXMLParser+Taged.m */,
			);
			path = MSTranslateVendor;
			sourceTree = "<group>";
		};
		9E764E4C175667AC00FEB118 = {
			isa = PBXGroup;
			children = (
				9E3A81EA175ECD3F00FF8F0D /* ImageIO.framework */,
				9E3A8171175EAA9A00FF8F0D /* CoreMedia.framework */,
				9E1380A9175D2E0F001C97C1 /* AssetsLibrary.framework */,
				9EA345DE175B0E3100728752 /* CoreText.framework */,
				9E50B0C0175A82E5004AFE23 /* Social.framework */,
				DD657FEA1756AE6400A64ED6 /* MapKit.framework */,
				DD657FE81756ADFE00A64ED6 /* CoreLocation.framework */,
				9E764E5E175667AC00FEB118 /* Sushi2 */,
				9E764E57175667AC00FEB118 /* Frameworks */,
				9E764E56175667AC00FEB118 /* Products */,
			);
			sourceTree = "<group>";
		};
		9E764E56175667AC00FEB118 /* Products */ = {
			isa = PBXGroup;
			children = (
				9E764E55175667AC00FEB118 /* Sushi2.app */,
			);
			name = Products;
			sourceTree = "<group>";
		};
		9E764E57175667AC00FEB118 /* Frameworks */ = {
			isa = PBXGroup;
			children = (
				C72E9BA51756A44D007BFFF3 /* CoreLocation.framework */,
				C72E9BA31756A443007BFFF3 /* MapKit.framework */,
				9E764E58175667AC00FEB118 /* UIKit.framework */,
				9E764E5A175667AC00FEB118 /* Foundation.framework */,
				9E764E5C175667AC00FEB118 /* CoreGraphics.framework */,
			);
			name = Frameworks;
			sourceTree = "<group>";
		};
		9E764E5E175667AC00FEB118 /* Sushi2 */ = {
			isa = PBXGroup;
			children = (
				9E764E67175667AC00FEB118 /* AppDelegate.h */,
				9E764E68175667AC00FEB118 /* AppDelegate.m */,
				9E764E70175667AC00FEB118 /* MainStoryboard.storyboard */,
				9E764E7B17566C5A00FEB118 /* MapViewController.h */,
				9E764E7C17566C5A00FEB118 /* MapViewController.m */,
				DDEBF729175AA7E50088172F /* SushiVenueAnnotation.h */,
				DDEBF72A175AA7E50088172F /* SushiVenueAnnotation.m */,
				DDEBF72C175AAABD0088172F /* mobilemakers.png */,
				DD8F3817175945AB00D0EED0 /* SushiFourSquareWebVC.h */,
				DD8F3818175945AB00D0EED0 /* SushiFourSquareWebVC.m */,
				DD657FE517569CBA00A64ED6 /* VenueObject.h */,
				DD657FE617569CBA00A64ED6 /* VenueObject.m */,
				C760B26F175C0CE90051BEC6 /* Near */,
				9EEED172175BFBFB00EBA5A9 /* Wiki */,
				9EA345E0175B0EC500728752 /* Classes */,
				9EA34600175B0EC500728752 /* Resources */,
				9E593165175901360026246A /* MSTranslateVendor */,
				9E764E5F175667AC00FEB118 /* Supporting Files */,
			);
			path = Sushi2;
			sourceTree = "<group>";
		};
		9E764E5F175667AC00FEB118 /* Supporting Files */ = {
			isa = PBXGroup;
			children = (
				9E59317F175975C20026246A /* spiderRoll.jpg */,
				9E59317D1759757F0026246A /* phillyRoll.jpg */,
				9E2C2ED21758508E0055F1D5 /* japWood.png */,
				DD657FE31756899800A64ED6 /* 1946474-baddie_brawl_michael_myers_vs_jason_voorhees_20071002034833563_000.jpg */,
				C72E9BDA17571486007BFFF3 /* chopstickBowl.jpg */,
				9E764E8D17569B8C00FEB118 /* dynamiteRoll.png */,
				9E764E60175667AC00FEB118 /* Sushi2-Info.plist */,
				9E764E61175667AC00FEB118 /* InfoPlist.strings */,
				9E764E64175667AC00FEB118 /* main.m */,
				9E764E66175667AC00FEB118 /* Sushi2-Prefix.pch */,
				9E764E6A175667AC00FEB118 /* Default.png */,
				9E764E6C175667AC00FEB118 /* Default@2x.png */,
				9E764E6E175667AC00FEB118 /* Default-568h@2x.png */,
			);
			name = "Supporting Files";
			sourceTree = "<group>";
		};
		9EA345E0175B0EC500728752 /* Classes */ = {
			isa = PBXGroup;
			children = (
				9EA345E1175B0EC500728752 /* ios */,
			);
			path = Classes;
			sourceTree = "<group>";
		};
		9EA345E1175B0EC500728752 /* ios */ = {
			isa = PBXGroup;
			children = (
				9EA345E2175B0EC500728752 /* FUIAlertView.h */,
				9EA345E3175B0EC500728752 /* FUIAlertView.m */,
				9EA345E4175B0EC500728752 /* FUIButton.h */,
				9EA345E5175B0EC500728752 /* FUIButton.m */,
				9EA345E6175B0EC500728752 /* FUICellBackgroundView.h */,
				9EA345E7175B0EC500728752 /* FUICellBackgroundView.m */,
				9EA345E8175B0EC500728752 /* FUISegmentedControl.h */,
				9EA345E9175B0EC500728752 /* FUISegmentedControl.m */,
				9EA345EA175B0EC500728752 /* FUISwitch.h */,
				9EA345EB175B0EC500728752 /* FUISwitch.m */,
				9EA345EC175B0EC500728752 /* UIBarButtonItem+FlatUI.h */,
				9EA345ED175B0EC500728752 /* UIBarButtonItem+FlatUI.m */,
				9EA345EE175B0EC500728752 /* UIColor+FlatUI.h */,
				9EA345EF175B0EC500728752 /* UIColor+FlatUI.m */,
				9EA345F0175B0EC500728752 /* UIFont+FlatUI.h */,
				9EA345F1175B0EC500728752 /* UIFont+FlatUI.m */,
				9EA345F2175B0EC500728752 /* UIImage+FlatUI.h */,
				9EA345F3175B0EC500728752 /* UIImage+FlatUI.m */,
				9EA345F4175B0EC500728752 /* UINavigationBar+FlatUI.h */,
				9EA345F5175B0EC500728752 /* UINavigationBar+FlatUI.m */,
				9EA345F6175B0EC500728752 /* UIProgressView+FlatUI.h */,
				9EA345F7175B0EC500728752 /* UIProgressView+FlatUI.m */,
				9EA345F8175B0EC500728752 /* UISlider+FlatUI.h */,
				9EA345F9175B0EC500728752 /* UISlider+FlatUI.m */,
				9EA345FA175B0EC500728752 /* UIStepper+FlatUI.h */,
				9EA345FB175B0EC500728752 /* UIStepper+FlatUI.m */,
				9EA345FC175B0EC500728752 /* UITabBar+FlatUI.h */,
				9EA345FD175B0EC500728752 /* UITabBar+FlatUI.m */,
				9EA345FE175B0EC500728752 /* UITableViewCell+FlatUI.h */,
				9EA345FF175B0EC500728752 /* UITableViewCell+FlatUI.m */,
			);
			path = ios;
			sourceTree = "<group>";
		};
		9EA34600175B0EC500728752 /* Resources */ = {
			isa = PBXGroup;
			children = (
				9EA34601175B0EC500728752 /* Lato-Black.ttf */,
				9EA34602175B0EC500728752 /* Lato-BlackItalic.ttf */,
				9EA34603175B0EC500728752 /* Lato-Bold.ttf */,
				9EA34604175B0EC500728752 /* Lato-BoldItalic.ttf */,
				9EA34605175B0EC500728752 /* Lato-Hairline.ttf */,
				9EA34606175B0EC500728752 /* Lato-HairlineItalic.ttf */,
				9EA34607175B0EC500728752 /* Lato-Italic.ttf */,
				9EA34608175B0EC500728752 /* Lato-Light.ttf */,
				9EA34609175B0EC500728752 /* Lato-LightItalic.ttf */,
				9EA3460A175B0EC500728752 /* Lato-Regular.ttf */,
			);
			path = Resources;
			sourceTree = "<group>";
		};
		9EEED172175BFBFB00EBA5A9 /* Wiki */ = {
			isa = PBXGroup;
			children = (
				9EEED173175BFC0500EBA5A9 /* Main */,
				9EEED174175BFC1000EBA5A9 /* MainDetail */,
				9EEED175175BFC1A00EBA5A9 /* AddSushi */,
				9EEED176175BFC3500EBA5A9 /* Pic */,
			);
			name = Wiki;
			sourceTree = "<group>";
		};
		9EEED173175BFC0500EBA5A9 /* Main */ = {
			isa = PBXGroup;
			children = (
				9E764E8A1756983300FEB118 /* SushiType.h */,
				9E764E8B1756983300FEB118 /* SushiType.m */,
				9E764E8417568F1F00FEB118 /* SushiTypeTableCell.h */,
				9E764E8517568F1F00FEB118 /* SushiTypeTableCell.m */,
				9E764E8117566C6D00FEB118 /* WikiViewController.h */,
				9E764E8217566C6D00FEB118 /* WikiViewController.m */,
			);
			name = Main;
			sourceTree = "<group>";
		};
		9EEED174175BFC1000EBA5A9 /* MainDetail */ = {
			isa = PBXGroup;
			children = (
				9E2C2ECF1757F21A0055F1D5 /* SushiCollectionViewCell.h */,
				9E2C2ED01757F21A0055F1D5 /* SushiCollectionViewCell.m */,
				9E764E871756932200FEB118 /* WikiDetailViewController.h */,
				9E764E881756932200FEB118 /* WikiDetailViewController.m */,
			);
			name = MainDetail;
			sourceTree = "<group>";
		};
		9EEED175175BFC1A00EBA5A9 /* AddSushi */ = {
			isa = PBXGroup;
			children = (
				9E5931791759107B0026246A /* AddSushiCustomCell.h */,
				9E59317A1759107B0026246A /* AddSushiCustomCell.m */,
				9E59317C175923990026246A /* AddSushiDelegate.h */,
				9E59317617590CC80026246A /* AddSushiViewController.h */,
				9E59317717590CC90026246A /* AddSushiViewController.m */,
			);
			name = AddSushi;
			sourceTree = "<group>";
		};
		9EEED176175BFC3500EBA5A9 /* Pic */ = {
			isa = PBXGroup;
			children = (
				9E4BBC8D175C66B500D3EF25 /* caliRollBG2.png */,
				9EB766C3175BDB5D00B8D479 /* japanesePlacemat.jpg */,
				9EB766C1175BD01700B8D479 /* caliRollBG.png */,
			);
			name = Pic;
			sourceTree = "<group>";
		};
		C760B26F175C0CE90051BEC6 /* Near */ = {
			isa = PBXGroup;
			children = (
				9E764E7F17566C6400FEB118 /* NearViewController.m */,
				9E764E7E17566C6400FEB118 /* NearViewController.h */,
				C760B270175C0D130051BEC6 /* LocalVenueObject.h */,
				C760B271175C0D130051BEC6 /* LocalVenueObject.m */,
				C7C69AC4175ACBE60001DEC2 /* NearVenue4SqWebVCViewController.h */,
				C7C69AC5175ACBE60001DEC2 /* NearVenue4SqWebVCViewController.m */,
			);
			name = Near;
			sourceTree = "<group>";
		};
/* End PBXGroup section */

/* Begin PBXNativeTarget section */
		9E764E54175667AC00FEB118 /* Sushi2 */ = {
			isa = PBXNativeTarget;
			buildConfigurationList = 9E764E78175667AC00FEB118 /* Build configuration list for PBXNativeTarget "Sushi2" */;
			buildPhases = (
				9E764E51175667AC00FEB118 /* Sources */,
				9E764E52175667AC00FEB118 /* Frameworks */,
				9E764E53175667AC00FEB118 /* Resources */,
			);
			buildRules = (
			);
			dependencies = (
			);
			name = Sushi2;
			productName = Sushi2;
			productReference = 9E764E55175667AC00FEB118 /* Sushi2.app */;
			productType = "com.apple.product-type.application";
		};
/* End PBXNativeTarget section */

/* Begin PBXProject section */
		9E764E4D175667AC00FEB118 /* Project object */ = {
			isa = PBXProject;
			attributes = {
				LastUpgradeCheck = 0460;
				ORGANIZATIONNAME = "Andrew McCallum";
			};
			buildConfigurationList = 9E764E50175667AC00FEB118 /* Build configuration list for PBXProject "Sushi2" */;
			compatibilityVersion = "Xcode 3.2";
			developmentRegion = English;
			hasScannedForEncodings = 0;
			knownRegions = (
				en,
			);
			mainGroup = 9E764E4C175667AC00FEB118;
			productRefGroup = 9E764E56175667AC00FEB118 /* Products */;
			projectDirPath = "";
			projectRoot = "";
			targets = (
				9E764E54175667AC00FEB118 /* Sushi2 */,
			);
		};
/* End PBXProject section */

/* Begin PBXResourcesBuildPhase section */
		9E764E53175667AC00FEB118 /* Resources */ = {
			isa = PBXResourcesBuildPhase;
			buildActionMask = 2147483647;
			files = (
				9E764E63175667AC00FEB118 /* InfoPlist.strings in Resources */,
				9E764E6B175667AC00FEB118 /* Default.png in Resources */,
				9E764E6D175667AC00FEB118 /* Default@2x.png in Resources */,
				9E764E6F175667AC00FEB118 /* Default-568h@2x.png in Resources */,
				9E764E72175667AC00FEB118 /* MainStoryboard.storyboard in Resources */,
				DD657FE41756899800A64ED6 /* 1946474-baddie_brawl_michael_myers_vs_jason_voorhees_20071002034833563_000.jpg in Resources */,
				9E764E8E17569B8C00FEB118 /* dynamiteRoll.png in Resources */,
				C72E9BDB17571486007BFFF3 /* chopstickBowl.jpg in Resources */,
				9E2C2ED31758508E0055F1D5 /* japWood.png in Resources */,
				9E59317E1759757F0026246A /* phillyRoll.jpg in Resources */,
				9E593180175975C20026246A /* spiderRoll.jpg in Resources */,
				DDEBF72D175AAABD0088172F /* mobilemakers.png in Resources */,
				9EA3461A175B0EC500728752 /* Lato-Black.ttf in Resources */,
				9EA3461B175B0EC500728752 /* Lato-BlackItalic.ttf in Resources */,
				9EA3461C175B0EC500728752 /* Lato-Bold.ttf in Resources */,
				9EA3461D175B0EC500728752 /* Lato-BoldItalic.ttf in Resources */,
				9EA3461E175B0EC500728752 /* Lato-Hairline.ttf in Resources */,
				9EA3461F175B0EC500728752 /* Lato-HairlineItalic.ttf in Resources */,
				9EA34620175B0EC500728752 /* Lato-Italic.ttf in Resources */,
				9EA34621175B0EC500728752 /* Lato-Light.ttf in Resources */,
				9EA34622175B0EC500728752 /* Lato-LightItalic.ttf in Resources */,
				9EA34623175B0EC500728752 /* Lato-Regular.ttf in Resources */,
				9EB766C2175BD01700B8D479 /* caliRollBG.png in Resources */,
				9EB766C4175BDB5D00B8D479 /* japanesePlacemat.jpg in Resources */,
				9E4BBC8E175C66B500D3EF25 /* caliRollBG2.png in Resources */,
			);
			runOnlyForDeploymentPostprocessing = 0;
		};
/* End PBXResourcesBuildPhase section */

/* Begin PBXSourcesBuildPhase section */
		9E764E51175667AC00FEB118 /* Sources */ = {
			isa = PBXSourcesBuildPhase;
			buildActionMask = 2147483647;
			files = (
				9E764E65175667AC00FEB118 /* main.m in Sources */,
				9E764E69175667AC00FEB118 /* AppDelegate.m in Sources */,
				9E764E7D17566C5A00FEB118 /* MapViewController.m in Sources */,
				9E764E8017566C6400FEB118 /* NearViewController.m in Sources */,
				9E764E8317566C6D00FEB118 /* WikiViewController.m in Sources */,
				DD657FE717569CBA00A64ED6 /* VenueObject.m in Sources */,
				9E764E8617568F1F00FEB118 /* SushiTypeTableCell.m in Sources */,
				9E764E891756932200FEB118 /* WikiDetailViewController.m in Sources */,
				9E764E8C1756983300FEB118 /* SushiType.m in Sources */,
				9E2C2ED11757F21A0055F1D5 /* SushiCollectionViewCell.m in Sources */,
				9E593171175901360026246A /* MSTranslateAccessTokenRequester.m in Sources */,
				9E593172175901360026246A /* MSTranslateVendor.m in Sources */,
				9E593173175901360026246A /* NSMutableURLRequest+WebServiceExtend.m in Sources */,
				9E593174175901360026246A /* NSString+Extend.m in Sources */,
				9E593175175901360026246A /* NSXMLParser+Taged.m in Sources */,
				9E59317817590CC90026246A /* AddSushiViewController.m in Sources */,
				9E59317B1759107B0026246A /* AddSushiCustomCell.m in Sources */,
				DD8F3819175945AB00D0EED0 /* SushiFourSquareWebVC.m in Sources */,
				DDEBF72B175AA7E50088172F /* SushiVenueAnnotation.m in Sources */,
				C7C69AC6175ACBE60001DEC2 /* NearVenue4SqWebVCViewController.m in Sources */,
				9EA3460B175B0EC500728752 /* FUIAlertView.m in Sources */,
				9EA3460C175B0EC500728752 /* FUIButton.m in Sources */,
				9EA3460D175B0EC500728752 /* FUICellBackgroundView.m in Sources */,
				9EA3460E175B0EC500728752 /* FUISegmentedControl.m in Sources */,
				9EA3460F175B0EC500728752 /* FUISwitch.m in Sources */,
				9EA34610175B0EC500728752 /* UIBarButtonItem+FlatUI.m in Sources */,
				9EA34611175B0EC500728752 /* UIColor+FlatUI.m in Sources */,
				9EA34612175B0EC500728752 /* UIFont+FlatUI.m in Sources */,
				9EA34613175B0EC500728752 /* UIImage+FlatUI.m in Sources */,
				9EA34614175B0EC500728752 /* UINavigationBar+FlatUI.m in Sources */,
				9EA34615175B0EC500728752 /* UIProgressView+FlatUI.m in Sources */,
				9EA34616175B0EC500728752 /* UISlider+FlatUI.m in Sources */,
				9EA34617175B0EC500728752 /* UIStepper+FlatUI.m in Sources */,
				9EA34618175B0EC500728752 /* UITabBar+FlatUI.m in Sources */,
				9EA34619175B0EC500728752 /* UITableViewCell+FlatUI.m in Sources */,
				C760B272175C0D130051BEC6 /* LocalVenueObject.m in Sources */,
			);
			runOnlyForDeploymentPostprocessing = 0;
		};
/* End PBXSourcesBuildPhase section */

/* Begin PBXVariantGroup section */
		9E764E61175667AC00FEB118 /* InfoPlist.strings */ = {
			isa = PBXVariantGroup;
			children = (
				9E764E62175667AC00FEB118 /* en */,
			);
			name = InfoPlist.strings;
			sourceTree = "<group>";
		};
		9E764E70175667AC00FEB118 /* MainStoryboard.storyboard */ = {
			isa = PBXVariantGroup;
			children = (
				9E764E71175667AC00FEB118 /* en */,
			);
			name = MainStoryboard.storyboard;
			sourceTree = "<group>";
		};
/* End PBXVariantGroup section */

/* Begin XCBuildConfiguration section */
		9E764E76175667AC00FEB118 /* Debug */ = {
			isa = XCBuildConfiguration;
			buildSettings = {
				ALWAYS_SEARCH_USER_PATHS = NO;
				CLANG_CXX_LANGUAGE_STANDARD = "gnu++0x";
				CLANG_CXX_LIBRARY = "libc++";
				CLANG_ENABLE_OBJC_ARC = YES;
				CLANG_WARN_CONSTANT_CONVERSION = YES;
				CLANG_WARN_EMPTY_BODY = YES;
				CLANG_WARN_ENUM_CONVERSION = YES;
				CLANG_WARN_INT_CONVERSION = YES;
				CLANG_WARN__DUPLICATE_METHOD_MATCH = YES;
				"CODE_SIGN_IDENTITY[sdk=iphoneos*]" = "iPhone Developer";
				COPY_PHASE_STRIP = NO;
				GCC_C_LANGUAGE_STANDARD = gnu99;
				GCC_DYNAMIC_NO_PIC = NO;
				GCC_OPTIMIZATION_LEVEL = 0;
				GCC_PREPROCESSOR_DEFINITIONS = (
					"DEBUG=1",
					"$(inherited)",
				);
				GCC_SYMBOLS_PRIVATE_EXTERN = NO;
				GCC_WARN_ABOUT_RETURN_TYPE = YES;
				GCC_WARN_UNINITIALIZED_AUTOS = YES;
				GCC_WARN_UNUSED_VARIABLE = YES;
				IPHONEOS_DEPLOYMENT_TARGET = 6.1;
				ONLY_ACTIVE_ARCH = YES;
				SDKROOT = iphoneos;
			};
			name = Debug;
		};
		9E764E77175667AC00FEB118 /* Release */ = {
			isa = XCBuildConfiguration;
			buildSettings = {
				ALWAYS_SEARCH_USER_PATHS = NO;
				CLANG_CXX_LANGUAGE_STANDARD = "gnu++0x";
				CLANG_CXX_LIBRARY = "libc++";
				CLANG_ENABLE_OBJC_ARC = YES;
				CLANG_WARN_CONSTANT_CONVERSION = YES;
				CLANG_WARN_EMPTY_BODY = YES;
				CLANG_WARN_ENUM_CONVERSION = YES;
				CLANG_WARN_INT_CONVERSION = YES;
				CLANG_WARN__DUPLICATE_METHOD_MATCH = YES;
				"CODE_SIGN_IDENTITY[sdk=iphoneos*]" = "iPhone Developer";
				COPY_PHASE_STRIP = YES;
				GCC_C_LANGUAGE_STANDARD = gnu99;
				GCC_WARN_ABOUT_RETURN_TYPE = YES;
				GCC_WARN_UNINITIALIZED_AUTOS = YES;
				GCC_WARN_UNUSED_VARIABLE = YES;
				IPHONEOS_DEPLOYMENT_TARGET = 6.1;
				OTHER_CFLAGS = "-DNS_BLOCK_ASSERTIONS=1";
				SDKROOT = iphoneos;
				VALIDATE_PRODUCT = YES;
			};
			name = Release;
		};
		9E764E79175667AC00FEB118 /* Debug */ = {
			isa = XCBuildConfiguration;
			buildSettings = {
				GCC_PRECOMPILE_PREFIX_HEADER = YES;
				GCC_PREFIX_HEADER = "Sushi2/Sushi2-Prefix.pch";
				INFOPLIST_FILE = "Sushi2/Sushi2-Info.plist";
				PRODUCT_NAME = "$(TARGET_NAME)";
				WRAPPER_EXTENSION = app;
			};
			name = Debug;
		};
		9E764E7A175667AC00FEB118 /* Release */ = {
			isa = XCBuildConfiguration;
			buildSettings = {
				GCC_PRECOMPILE_PREFIX_HEADER = YES;
				GCC_PREFIX_HEADER = "Sushi2/Sushi2-Prefix.pch";
				INFOPLIST_FILE = "Sushi2/Sushi2-Info.plist";
				PRODUCT_NAME = "$(TARGET_NAME)";
				WRAPPER_EXTENSION = app;
			};
			name = Release;
		};
/* End XCBuildConfiguration section */

/* Begin XCConfigurationList section */
		9E764E50175667AC00FEB118 /* Build configuration list for PBXProject "Sushi2" */ = {
			isa = XCConfigurationList;
			buildConfigurations = (
				9E764E76175667AC00FEB118 /* Debug */,
				9E764E77175667AC00FEB118 /* Release */,
			);
			defaultConfigurationIsVisible = 0;
			defaultConfigurationName = Release;
		};
		9E764E78175667AC00FEB118 /* Build configuration list for PBXNativeTarget "Sushi2" */ = {
			isa = XCConfigurationList;
			buildConfigurations = (
				9E764E79175667AC00FEB118 /* Debug */,
				9E764E7A175667AC00FEB118 /* Release */,
			);
			defaultConfigurationIsVisible = 0;
			defaultConfigurationName = Release;
		};
/* End XCConfigurationList section */
	};
	rootObject = 9E764E4D175667AC00FEB118 /* Project object */;
}
